
Microsoft Visual Studio Solution File, Format Version 12.00
# Visual Studio Version 16
VisualStudioVersion = 16.0.29728.190
MinimumVisualStudioVersion = 10.0.40219.1
Project("{FAE04EC0-301F-11D3-BF4B-00C04F79EFBC}") = "Assignment 1", "Assignment 1\Assignment 1.csproj", "{45DD79D8-EBA7-4904-AC9C-DC5DE72F1D2D}"
EndProject
Project("{FAE04EC0-301F-11D3-BF4B-00C04F79EFBC}") = "Assignment 2", "Assignment 2\Assignment 2.csproj", "{994EA75E-3E14-4FE8-BDF2-F8C69A86845D}"
EndProject
Project("{FAE04EC0-301F-11D3-BF4B-00C04F79EFBC}") = "Assignment 3", "Assignment 3\Assignment 3.csproj", "{6F1133A2-D48A-4287-A03A-03D02B7A4548}"
EndProject
Global
	GlobalSection(SolutionConfigurationPlatforms) = preSolution
		Debug|Any CPU = Debug|Any CPU
		Release|Any CPU = Release|Any CPU
	EndGlobalSection
	GlobalSection(ProjectConfigurationPlatforms) = postSolution
		{45DD79D8-EBA7-4904-AC9C-DC5DE72F1D2D}.Debug|Any CPU.ActiveCfg = Debug|Any CPU
		{45DD79D8-EBA7-4904-AC9C-DC5DE72F1D2D}.Debug|Any CPU.Build.0 = Debug|Any CPU
		{45DD79D8-EBA7-4904-AC9C-DC5DE72F1D2D}.Release|Any CPU.ActiveCfg = Release|Any CPU
		{45DD79D8-EBA7-4904-AC9C-DC5DE72F1D2D}.Release|Any CPU.Build.0 = Release|Any CPU
		{994EA75E-3E14-4FE8-BDF2-F8C69A86845D}.Debug|Any CPU.ActiveCfg = Debug|Any CPU
		{994EA75E-3E14-4FE8-BDF2-F8C69A86845D}.Debug|Any CPU.Build.0 = Debug|Any CPU
		{994EA75E-3E14-4FE8-BDF2-F8C69A86845D}.Release|Any CPU.ActiveCfg = Release|Any CPU
		{994EA75E-3E14-4FE8-BDF2-F8C69A86845D}.Release|Any CPU.Build.0 = Release|Any CPU
		{6F1133A2-D48A-4287-A03A-03D02B7A4548}.Debug|Any CPU.ActiveCfg = Debug|Any CPU
		{6F1133A2-D48A-4287-A03A-03D02B7A4548}.Debug|Any CPU.Build.0 = Debug|Any CPU
		{6F1133A2-D48A-4287-A03A-03D02B7A4548}.Release|Any CPU.ActiveCfg = Release|Any CPU
		{6F1133A2-D48A-4287-A03A-03D02B7A4548}.Release|Any CPU.Build.0 = Release|Any CPU
	EndGlobalSection
	GlobalSection(SolutionProperties) = preSolution
		HideSolutionNode = FALSE
	EndGlobalSection
	GlobalSection(ExtensibilityGlobals) = postSolution
		SolutionGuid = {235DA303-476A-4E67-9DF6-541359EF664B}
	EndGlobalSection
EndGlobal
